
Microsoft Visual Studio Solution File, Format Version 12.00
# Visual Studio Version 17
VisualStudioVersion = 17.3.32922.545
MinimumVisualStudioVersion = 10.0.40219.1
Project("{9A19103F-16F7-4668-BE54-9A1E7A4F7556}") = "BulkyBookWeb", "BulkyBookWeb\BulkyBookWeb.csproj", "{3A8CB33F-1E50-4970-AD8C-105FBD7CB48E}"
EndProject
Project("{FAE04EC0-301F-11D3-BF4B-00C04F79EFBC}") = "BulkyBook.DataAccess", "BulkyBook.DataAccess\BulkyBook.DataAccess.csproj", "{11A14C78-DF67-4109-A41B-9EA15FA2CBC7}"
EndProject
Project("{FAE04EC0-301F-11D3-BF4B-00C04F79EFBC}") = "BulkyBook.Models", "BulkyBook.Models\BulkyBook.Models.csproj", "{00F64ED2-FC00-4FBE-B736-5A5427F856AF}"
EndProject
Project("{FAE04EC0-301F-11D3-BF4B-00C04F79EFBC}") = "BulkyBook.Utility", "BulkyBook.Utility\BulkyBook.Utility.csproj", "{A7957E1C-CC15-406C-A566-46D4ED41D567}"
EndProject
Global
	GlobalSection(SolutionConfigurationPlatforms) = preSolution
		Debug|Any CPU = Debug|Any CPU
		Release|Any CPU = Release|Any CPU
	EndGlobalSection
	GlobalSection(ProjectConfigurationPlatforms) = postSolution
		{3A8CB33F-1E50-4970-AD8C-105FBD7CB48E}.Debug|Any CPU.ActiveCfg = Debug|Any CPU
		{3A8CB33F-1E50-4970-AD8C-105FBD7CB48E}.Debug|Any CPU.Build.0 = Debug|Any CPU
		{3A8CB33F-1E50-4970-AD8C-105FBD7CB48E}.Release|Any CPU.ActiveCfg = Release|Any CPU
		{3A8CB33F-1E50-4970-AD8C-105FBD7CB48E}.Release|Any CPU.Build.0 = Release|Any CPU
		{11A14C78-DF67-4109-A41B-9EA15FA2CBC7}.Debug|Any CPU.ActiveCfg = Debug|Any CPU
		{11A14C78-DF67-4109-A41B-9EA15FA2CBC7}.Debug|Any CPU.Build.0 = Debug|Any CPU
		{11A14C78-DF67-4109-A41B-9EA15FA2CBC7}.Release|Any CPU.ActiveCfg = Release|Any CPU
		{11A14C78-DF67-4109-A41B-9EA15FA2CBC7}.Release|Any CPU.Build.0 = Release|Any CPU
		{00F64ED2-FC00-4FBE-B736-5A5427F856AF}.Debug|Any CPU.ActiveCfg = Debug|Any CPU
		{00F64ED2-FC00-4FBE-B736-5A5427F856AF}.Debug|Any CPU.Build.0 = Debug|Any CPU
		{00F64ED2-FC00-4FBE-B736-5A5427F856AF}.Release|Any CPU.ActiveCfg = Release|Any CPU
		{00F64ED2-FC00-4FBE-B736-5A5427F856AF}.Release|Any CPU.Build.0 = Release|Any CPU
		{A7957E1C-CC15-406C-A566-46D4ED41D567}.Debug|Any CPU.ActiveCfg = Debug|Any CPU
		{A7957E1C-CC15-406C-A566-46D4ED41D567}.Debug|Any CPU.Build.0 = Debug|Any CPU
		{A7957E1C-CC15-406C-A566-46D4ED41D567}.Release|Any CPU.ActiveCfg = Release|Any CPU
		{A7957E1C-CC15-406C-A566-46D4ED41D567}.Release|Any CPU.Build.0 = Release|Any CPU
	EndGlobalSection
	GlobalSection(SolutionProperties) = preSolution
		HideSolutionNode = FALSE
	EndGlobalSection
	GlobalSection(ExtensibilityGlobals) = postSolution
		SolutionGuid = {5845F04D-B918-4661-8576-7A4F119D8E26}
	EndGlobalSection
EndGlobal
